
Microsoft Visual Studio Solution File, Format Version 12.00
# Visual Studio Version 16
VisualStudioVersion = 16.0.33328.57
MinimumVisualStudioVersion = 10.0.40219.1
Project("{8BC9CEB8-8B4A-11D0-8D11-00A0C91BC942}") = "PDS11", "PDS11.vcxproj", "{C26FBF5B-C748-4A59-9330-6DAFFB64904F}"
EndProject
Global
	GlobalSection(SolutionConfigurationPlatforms) = preSolution
		Debug|x64 = Debug|x64
		Debug|x86 = Debug|x86
		Release|x64 = Release|x64
		Release|x86 = Release|x86
	EndGlobalSection
	GlobalSection(ProjectConfigurationPlatforms) = postSolution
		{C26FBF5B-C748-4A59-9330-6DAFFB64904F}.Debug|x64.ActiveCfg = Debug|x64
		{C26FBF5B-C748-4A59-9330-6DAFFB64904F}.Debug|x64.Build.0 = Debug|x64
		{C26FBF5B-C748-4A59-9330-6DAFFB64904F}.Debug|x86.ActiveCfg = Debug|Win32
		{C26FBF5B-C748-4A59-9330-6DAFFB64904F}.Debug|x86.Build.0 = Debug|Win32
		{C26FBF5B-C748-4A59-9330-6DAFFB64904F}.Release|x64.ActiveCfg = Release|x64
		{C26FBF5B-C748-4A59-9330-6DAFFB64904F}.Release|x64.Build.0 = Release|x64
		{C26FBF5B-C748-4A59-9330-6DAFFB64904F}.Release|x86.ActiveCfg = Release|Win32
		{C26FBF5B-C748-4A59-9330-6DAFFB64904F}.Release|x86.Build.0 = Release|Win32
	EndGlobalSection
	GlobalSection(SolutionProperties) = preSolution
		HideSolutionNode = FALSE
	EndGlobalSection
	GlobalSection(ExtensibilityGlobals) = postSolution
		SolutionGuid = {DAC61011-E77F-4CDA-A44B-EB48C385D306}
	EndGlobalSection
EndGlobal
